PODS:
  - Alamofire (4.9.1)
  - AlamofireObjectMapper (5.2.1):
    - Alamofire (~> 4.7)
    - ObjectMapper (~> 3.4)
  - ObjectMapper (3.5.1)
  - SwedbankPaySDK (0.1.5):
    - Alamofire (~> 4.9.0)
    - AlamofireObjectMapper (~> 5.0)

DEPENDENCIES:
  - SwedbankPaySDK

SPEC REPOS:
  https://github.com/cocoapods/specs.git:
    - Alamofire
    - AlamofireObjectMapper
    - ObjectMapper
  https://github.com/SwedbankPay/swedbank-pay-sdk-ios-podspecs.git:
    - SwedbankPaySDK

SPEC CHECKSUMS:
  Alamofire: 85e8a02c69d6020a0d734f6054870d7ecb75cf18
  AlamofireObjectMapper: 1989f690e982b71921b9253f53a4f33a9bc00d88
  ObjectMapper: 70187b8941977c62ccfb423caf6b50be405cabf0
  SwedbankPaySDK: 3a47ee2e8cc9f8ab541e7c434addb567954fdd6f

PODFILE CHECKSUM: de0383ed9371e1baad27860efba05ef2e0e065b7

COCOAPODS: 1.7.5
