PODS:
  - Alamofire (5.4.1)
  - SwedbankPaySDK (0.3.8):
    - Alamofire (~> 5.2)

DEPENDENCIES:
  - SwedbankPaySDK (= 0.3.8)

SPEC REPOS:
  https://github.com/CocoaPods/Specs.git:
    - Alamofire
    - SwedbankPaySDK

SPEC CHECKSUMS:
  Alamofire: 2291f7d21ca607c491dd17642e5d40fdcda0e65c
  SwedbankPaySDK: a5718d5bb1569c5de2c86a0df2ae5f9952c6fbb6

PODFILE CHECKSUM: 128c9f2677c7a031fbe824863e2f84a780286b8b

COCOAPODS: 1.9.3
