{
  "object": {
    "pins": [
      {
        "package": "Alamofire",
        "repositoryURL": "https://github.com/Alamofire/Alamofire.git",
        "state": {
          "branch": null,
          "revision": "d120af1e8638c7da36c8481fd61a66c0c08dc4fc",
          "version": "5.4.4"
        }
      },
      {
        "package": "SwedbankPaySDK",
        "repositoryURL": "https://github.com/SwedbankPay/swedbank-pay-sdk-ios.git",
        "state": {
          "branch": null,
          "revision": "ba2e9c4c6a3f2780c9b18e60fadb531f8c77d270",
          "version": "2.4.0"
        }
      }
    ]
  },
  "version": 1
}
