{
  "object": {
    "pins": [
      {
        "package": "Alamofire",
        "repositoryURL": "https://github.com/Alamofire/Alamofire.git",
        "state": {
          "branch": null,
          "revision": "d120af1e8638c7da36c8481fd61a66c0c08dc4fc",
          "version": "5.4.4"
        }
      },
      {
        "package": "SwedbankPaySDK",
        "repositoryURL": "https://github.com/SwedbankPay/swedbank-pay-sdk-ios.git",
        "state": {
          "branch": null,
          "revision": "0c477574d79d26d296aed026429e6849d88fd152",
          "version": "2.5.0-alpha.1"
        }
      }
    ]
  },
  "version": 1
}
