// !$*UTF8*$!
{
	archiveVersion = 1;
	classes = {
	};
	objectVersion = 52;
	objects = {

/* Begin PBXBuildFile section */
		04EE79822AC1B657002ACDAA /* CodeScanner in Frameworks */ = {isa = PBXBuildFile; productRef = 04EE79812AC1B657002ACDAA /* CodeScanner */; };
		04EE79842AC1D07E002ACDAA /* ScanUrl.swift in Sources */ = {isa = PBXBuildFile; fileRef = 04EE79832AC1D07E002ACDAA /* ScanUrl.swift */; };
		04EE79872AC2A938002ACDAA /* IconButton.swift in Sources */ = {isa = PBXBuildFile; fileRef = 04EE79862AC2A938002ACDAA /* IconButton.swift */; };
		63E65DE526EB562C002D116E /* Example_app_UITests.swift in Sources */ = {isa = PBXBuildFile; fileRef = 63E65DE426EB562C002D116E /* Example_app_UITests.swift */; };
		890702972A053FDE0027D7A8 /* Localizable.strings in Resources */ = {isa = PBXBuildFile; fileRef = 890702952A053FDE0027D7A8 /* Localizable.strings */; };
		8907029A2A0541E60027D7A8 /* String+Localize.swift in Sources */ = {isa = PBXBuildFile; fileRef = 890702992A0541E60027D7A8 /* String+Localize.swift */; };
		8907029C2A0A20030027D7A8 /* StorageHelper.swift in Sources */ = {isa = PBXBuildFile; fileRef = 8907029B2A0A20020027D7A8 /* StorageHelper.swift */; };
		890702A02A0A23ED0027D7A8 /* StandaloneUrlView.swift in Sources */ = {isa = PBXBuildFile; fileRef = 8907029F2A0A23ED0027D7A8 /* StandaloneUrlView.swift */; };
		890702A22A0A24820027D7A8 /* PaymentAlternativesViewController.swift in Sources */ = {isa = PBXBuildFile; fileRef = 890702A12A0A24820027D7A8 /* PaymentAlternativesViewController.swift */; };
		890702A42A0A2CC50027D7A8 /* StandaloneUrlViewModel.swift in Sources */ = {isa = PBXBuildFile; fileRef = 890702A32A0A2CC50027D7A8 /* StandaloneUrlViewModel.swift */; };
		89919A382A0140C60011ADF0 /* SwedbankPayConfiguration.swift in Sources */ = {isa = PBXBuildFile; fileRef = 89919A372A0140C60011ADF0 /* SwedbankPayConfiguration.swift */; };
		A548FFB3241BCC76007C7B17 /* EnvironmentSettingsCell.swift in Sources */ = {isa = PBXBuildFile; fileRef = A548FFB2241BCC76007C7B17 /* EnvironmentSettingsCell.swift */; };
		A569986524113FF100162D69 /* ConsumerSettingsCell.swift in Sources */ = {isa = PBXBuildFile; fileRef = A569986424113FF100162D69 /* ConsumerSettingsCell.swift */; };
		A56998672417C3B000162D69 /* SettingsCell.swift in Sources */ = {isa = PBXBuildFile; fileRef = A56998662417C3B000162D69 /* SettingsCell.swift */; };
		A569C75126D4CB2400B2237C /* SwedbankPaySDK in Frameworks */ = {isa = PBXBuildFile; productRef = A569C75026D4CB2400B2237C /* SwedbankPaySDK */; };
		A569C75326D4CB2400B2237C /* SwedbankPaySDKMerchantBackend in Frameworks */ = {isa = PBXBuildFile; productRef = A569C75226D4CB2400B2237C /* SwedbankPaySDKMerchantBackend */; };
		A58DAF0224041E0A004F9AF2 /* GeneralSettingsCell.swift in Sources */ = {isa = PBXBuildFile; fileRef = A58DAF0124041E0A004F9AF2 /* GeneralSettingsCell.swift */; };
		A58DAF0724053A5A004F9AF2 /* ShoppingCartHeaderCell.swift in Sources */ = {isa = PBXBuildFile; fileRef = A58DAF0624053A5A004F9AF2 /* ShoppingCartHeaderCell.swift */; };
		A5AD795B26664B7800DE62B1 /* StyleSettingsCell.swift in Sources */ = {isa = PBXBuildFile; fileRef = A5AD795A26664B7800DE62B1 /* StyleSettingsCell.swift */; };
		A5AD795F2666744700DE62B1 /* StyleParser.swift in Sources */ = {isa = PBXBuildFile; fileRef = A5AD795E2666744700DE62B1 /* StyleParser.swift */; };
		A5BE1E7225791BC400336A79 /* EnvironmentOptionView.swift in Sources */ = {isa = PBXBuildFile; fileRef = A5BE1E7125791BC400336A79 /* EnvironmentOptionView.swift */; };
		A5C24B5A257E5D8B00D832D9 /* PayerOwnedPaymentTokensViewController.swift in Sources */ = {isa = PBXBuildFile; fileRef = A5C24B59257E5D8B00D832D9 /* PayerOwnedPaymentTokensViewController.swift */; };
		A5C24B5D257E6A3300D832D9 /* PaymentTokenCell.swift in Sources */ = {isa = PBXBuildFile; fileRef = A5C24B5C257E6A3300D832D9 /* PaymentTokenCell.swift */; };
		C50CF6AB237AB10A003F79DF /* PurchaseData.swift in Sources */ = {isa = PBXBuildFile; fileRef = C50CF6AA237AB10A003F79DF /* PurchaseData.swift */; };
		C50CF6AD237AB119003F79DF /* PurchaseItem.swift in Sources */ = {isa = PBXBuildFile; fileRef = C50CF6AC237AB119003F79DF /* PurchaseItem.swift */; };
		C50CF6AF237AB126003F79DF /* PaymentResult.swift in Sources */ = {isa = PBXBuildFile; fileRef = C50CF6AE237AB126003F79DF /* PaymentResult.swift */; };
		C50CF6B1237AB12D003F79DF /* ConsumerType.swift in Sources */ = {isa = PBXBuildFile; fileRef = C50CF6B0237AB12D003F79DF /* ConsumerType.swift */; };
		C50CF6B3237AB149003F79DF /* Country.swift in Sources */ = {isa = PBXBuildFile; fileRef = C50CF6B2237AB149003F79DF /* Country.swift */; };
		C50CF6B7237AB15C003F79DF /* Product.swift in Sources */ = {isa = PBXBuildFile; fileRef = C50CF6B6237AB15C003F79DF /* Product.swift */; };
		C50CF6D1237AC587003F79DF /* Currency.swift in Sources */ = {isa = PBXBuildFile; fileRef = C50CF6D0237AC586003F79DF /* Currency.swift */; };
		C54D559323701F9D00E3B301 /* UIFont+Extension.swift in Sources */ = {isa = PBXBuildFile; fileRef = C54D556523701F9D00E3B301 /* UIFont+Extension.swift */; };
		C54D559423701F9D00E3B301 /* UIColor+Extension.swift in Sources */ = {isa = PBXBuildFile; fileRef = C54D556623701F9D00E3B301 /* UIColor+Extension.swift */; };
		C54D559523701F9D00E3B301 /* UIView+Extension.swift in Sources */ = {isa = PBXBuildFile; fileRef = C54D556723701F9D00E3B301 /* UIView+Extension.swift */; };
		C54D559623701F9D00E3B301 /* UINavigationController+Extension.swift in Sources */ = {isa = PBXBuildFile; fileRef = C54D556823701F9D00E3B301 /* UINavigationController+Extension.swift */; };
		C54D559823701F9D00E3B301 /* AppDelegate.swift in Sources */ = {isa = PBXBuildFile; fileRef = C54D556A23701F9D00E3B301 /* AppDelegate.swift */; };
		C54D559923701F9D00E3B301 /* ConsumerViewModel.swift in Sources */ = {isa = PBXBuildFile; fileRef = C54D556C23701F9D00E3B301 /* ConsumerViewModel.swift */; };
		C54D559A23701F9D00E3B301 /* PaymentViewModel.swift in Sources */ = {isa = PBXBuildFile; fileRef = C54D556D23701F9D00E3B301 /* PaymentViewModel.swift */; };
		C54D559B23701F9D00E3B301 /* StoreViewModel.swift in Sources */ = {isa = PBXBuildFile; fileRef = C54D556E23701F9D00E3B301 /* StoreViewModel.swift */; };
		C54D559D23701F9D00E3B301 /* LaunchScreen.xib in Resources */ = {isa = PBXBuildFile; fileRef = C54D557123701F9D00E3B301 /* LaunchScreen.xib */; };
		C54D559E23701F9D00E3B301 /* Main.storyboard in Resources */ = {isa = PBXBuildFile; fileRef = C54D557323701F9D00E3B301 /* Main.storyboard */; };
		C54D55A123701F9D00E3B301 /* StoreViewController.swift in Sources */ = {isa = PBXBuildFile; fileRef = C54D557923701F9D00E3B301 /* StoreViewController.swift */; };
		C54D55A223701F9D00E3B301 /* ResultViewController.swift in Sources */ = {isa = PBXBuildFile; fileRef = C54D557A23701F9D00E3B301 /* ResultViewController.swift */; };
		C54D55A323701F9D00E3B301 /* ShoppingCartViewController.swift in Sources */ = {isa = PBXBuildFile; fileRef = C54D557B23701F9D00E3B301 /* ShoppingCartViewController.swift */; };
		C54D55A423701F9D00E3B301 /* PaymentViewController.swift in Sources */ = {isa = PBXBuildFile; fileRef = C54D557C23701F9D00E3B301 /* PaymentViewController.swift */; };
		C54D55A523701F9D00E3B301 /* ProductTableViewCell.swift in Sources */ = {isa = PBXBuildFile; fileRef = C54D557D23701F9D00E3B301 /* ProductTableViewCell.swift */; };
		C54D55A623701F9D00E3B301 /* ShoppingCartSummaryFooterView.swift in Sources */ = {isa = PBXBuildFile; fileRef = C54D557E23701F9D00E3B301 /* ShoppingCartSummaryFooterView.swift */; };
		C54D55A723701F9D00E3B301 /* ShoppingCartProductTableViewCell.swift in Sources */ = {isa = PBXBuildFile; fileRef = C54D557F23701F9D00E3B301 /* ShoppingCartProductTableViewCell.swift */; };
		C54D55A823701F9D00E3B301 /* Images.xcassets in Resources */ = {isa = PBXBuildFile; fileRef = C54D558023701F9D00E3B301 /* Images.xcassets */; };
		C54D55A923701F9D00E3B301 /* IBMPlexMono-Thin.ttf in Resources */ = {isa = PBXBuildFile; fileRef = C54D558323701F9D00E3B301 /* IBMPlexMono-Thin.ttf */; };
		C54D55AA23701F9D00E3B301 /* IBMPlexMono-Bold.ttf in Resources */ = {isa = PBXBuildFile; fileRef = C54D558423701F9D00E3B301 /* IBMPlexMono-Bold.ttf */; };
		C54D55AB23701F9D00E3B301 /* IBMPlexMono-MediumItalic.ttf in Resources */ = {isa = PBXBuildFile; fileRef = C54D558523701F9D00E3B301 /* IBMPlexMono-MediumItalic.ttf */; };
		C54D55AC23701F9D00E3B301 /* IBMPlexMono-BoldItalic.ttf in Resources */ = {isa = PBXBuildFile; fileRef = C54D558623701F9D00E3B301 /* IBMPlexMono-BoldItalic.ttf */; };
		C54D55AD23701F9D00E3B301 /* IBMPlexMono-Medium.ttf in Resources */ = {isa = PBXBuildFile; fileRef = C54D558723701F9D00E3B301 /* IBMPlexMono-Medium.ttf */; };
		C54D55AE23701F9D00E3B301 /* IBMPlexMono-ExtraLight.ttf in Resources */ = {isa = PBXBuildFile; fileRef = C54D558823701F9D00E3B301 /* IBMPlexMono-ExtraLight.ttf */; };
		C54D55AF23701F9D00E3B301 /* IBMPlexMono-ExtraLightItalic.ttf in Resources */ = {isa = PBXBuildFile; fileRef = C54D558923701F9D00E3B301 /* IBMPlexMono-ExtraLightItalic.ttf */; };
		C54D55B023701F9D00E3B301 /* IBMPlexMono-ThinItalic.ttf in Resources */ = {isa = PBXBuildFile; fileRef = C54D558A23701F9D00E3B301 /* IBMPlexMono-ThinItalic.ttf */; };
		C54D55B123701F9D00E3B301 /* IBMPlexMono-Regular.ttf in Resources */ = {isa = PBXBuildFile; fileRef = C54D558B23701F9D00E3B301 /* IBMPlexMono-Regular.ttf */; };
		C54D55B223701F9D00E3B301 /* IBMPlexMono-Light.ttf in Resources */ = {isa = PBXBuildFile; fileRef = C54D558C23701F9D00E3B301 /* IBMPlexMono-Light.ttf */; };
		C54D55B323701F9D00E3B301 /* IBMPlexMono-Italic.ttf in Resources */ = {isa = PBXBuildFile; fileRef = C54D558D23701F9D00E3B301 /* IBMPlexMono-Italic.ttf */; };
		C54D55B423701F9D00E3B301 /* OFL.txt in Resources */ = {isa = PBXBuildFile; fileRef = C54D558E23701F9D00E3B301 /* OFL.txt */; };
		C54D55B523701F9D00E3B301 /* IBMPlexMono-SemiBold.ttf in Resources */ = {isa = PBXBuildFile; fileRef = C54D558F23701F9D00E3B301 /* IBMPlexMono-SemiBold.ttf */; };
		C54D55B623701F9D00E3B301 /* IBMPlexMono-SemiBoldItalic.ttf in Resources */ = {isa = PBXBuildFile; fileRef = C54D559023701F9D00E3B301 /* IBMPlexMono-SemiBoldItalic.ttf */; };
		C54D55B723701F9D00E3B301 /* IBMPlexMono-LightItalic.ttf in Resources */ = {isa = PBXBuildFile; fileRef = C54D559123701F9D00E3B301 /* IBMPlexMono-LightItalic.ttf */; };
		C54D55BF2370204000E3B301 /* ProductTableViewCell.xib in Resources */ = {isa = PBXBuildFile; fileRef = C54D55B92370204000E3B301 /* ProductTableViewCell.xib */; };
		C5CF1E802370499D008DFCCC /* Default-568h@2x.png in Resources */ = {isa = PBXBuildFile; fileRef = C5CF1E7F2370499D008DFCCC /* Default-568h@2x.png */; };
		D5083C3D2897FAEE00F4A307 /* ShoppingBasketView.swift in Sources */ = {isa = PBXBuildFile; fileRef = D5083C3C2897FAEE00F4A307 /* ShoppingBasketView.swift */; };
		D50E22CA28995E0F007D8E83 /* ColorExtensions.swift in Sources */ = {isa = PBXBuildFile; fileRef = D50E22C928995E0F007D8E83 /* ColorExtensions.swift */; };
		D50E22CC28996D0F007D8E83 /* TransitionExtensions.swift in Sources */ = {isa = PBXBuildFile; fileRef = D50E22CB28996D0F007D8E83 /* TransitionExtensions.swift */; };
		D50E22CE289AAD62007D8E83 /* StoreViewModelObserved.swift in Sources */ = {isa = PBXBuildFile; fileRef = D50E22CD289AAD62007D8E83 /* StoreViewModelObserved.swift */; };
		D50E22D0289AADD9007D8E83 /* ShoppingCartProductCell.swift in Sources */ = {isa = PBXBuildFile; fileRef = D50E22CF289AADD9007D8E83 /* ShoppingCartProductCell.swift */; };
		D50E22D2289AAE58007D8E83 /* ProductListView.swift in Sources */ = {isa = PBXBuildFile; fileRef = D50E22D1289AAE58007D8E83 /* ProductListView.swift */; };
		D50E22D4289ABA97007D8E83 /* ShoppingCartTable.swift in Sources */ = {isa = PBXBuildFile; fileRef = D50E22D3289ABA97007D8E83 /* ShoppingCartTable.swift */; };
		D50E22D6289AF699007D8E83 /* ToggleStyle.swift in Sources */ = {isa = PBXBuildFile; fileRef = D50E22D5289AF699007D8E83 /* ToggleStyle.swift */; };
		D50E22D8289BB013007D8E83 /* EnvironmentSettingsView.swift in Sources */ = {isa = PBXBuildFile; fileRef = D50E22D7289BB013007D8E83 /* EnvironmentSettingsView.swift */; };
		D50E22DA289BEE38007D8E83 /* ConsumerSettingsView.swift in Sources */ = {isa = PBXBuildFile; fileRef = D50E22D9289BEE38007D8E83 /* ConsumerSettingsView.swift */; };
		D554F1B028AA5E8B007867A4 /* StyleSettings.swift in Sources */ = {isa = PBXBuildFile; fileRef = D554F1AF28AA5E8B007867A4 /* StyleSettings.swift */; };
		D5D6E2A528742BB7008E75D7 /* LogView.swift in Sources */ = {isa = PBXBuildFile; fileRef = D5D6E2A428742BB7008E75D7 /* LogView.swift */; };
		D5D6E2D6287EBD52008E75D7 /* GeneralSettings.swift in Sources */ = {isa = PBXBuildFile; fileRef = D5D6E2D5287EBD52008E75D7 /* GeneralSettings.swift */; };
		D5D6E2D8287EC1D8008E75D7 /* GeneralSettingsViewModel.swift in Sources */ = {isa = PBXBuildFile; fileRef = D5D6E2D7287EC1D8008E75D7 /* GeneralSettingsViewModel.swift */; };
		D5D6E2DA287EFF23008E75D7 /* TextExtensions.swift in Sources */ = {isa = PBXBuildFile; fileRef = D5D6E2D9287EFF23008E75D7 /* TextExtensions.swift */; };
		D5D6E2DC287EFF44008E75D7 /* ViewExtensions.swift in Sources */ = {isa = PBXBuildFile; fileRef = D5D6E2DB287EFF44008E75D7 /* ViewExtensions.swift */; };
		D5D6E2DE287F4DAA008E75D7 /* ImageExtensions.swift in Sources */ = {isa = PBXBuildFile; fileRef = D5D6E2DD287F4DAA008E75D7 /* ImageExtensions.swift */; };
		D5D6E2E0287F4DF0008E75D7 /* PayerReferenceSettings.swift in Sources */ = {isa = PBXBuildFile; fileRef = D5D6E2DF287F4DF0008E75D7 /* PayerReferenceSettings.swift */; };
		D5D6E2E2288191DA008E75D7 /* PaymentTokenSettings.swift in Sources */ = {isa = PBXBuildFile; fileRef = D5D6E2E1288191DA008E75D7 /* PaymentTokenSettings.swift */; };
		D5D6E2E42881933C008E75D7 /* GeneralToggleSettings.swift in Sources */ = {isa = PBXBuildFile; fileRef = D5D6E2E32881933C008E75D7 /* GeneralToggleSettings.swift */; };
		D5D6E2E6288195F3008E75D7 /* InstrumentModeSelector.swift in Sources */ = {isa = PBXBuildFile; fileRef = D5D6E2E5288195F3008E75D7 /* InstrumentModeSelector.swift */; };
/* End PBXBuildFile section */

/* Begin PBXContainerItemProxy section */
		63E65DE726EB562C002D116E /* PBXContainerItemProxy */ = {
			isa = PBXContainerItemProxy;
			containerPortal = C54D554423701E6B00E3B301 /* Project object */;
			proxyType = 1;
			remoteGlobalIDString = C54D554B23701E6B00E3B301;
			remoteInfo = "Example-app";
		};
/* End PBXContainerItemProxy section */

/* Begin PBXFileReference section */
		04EE79832AC1D07E002ACDAA /* ScanUrl.swift */ = {isa = PBXFileReference; lastKnownFileType = sourcecode.swift; path = ScanUrl.swift; sourceTree = "<group>"; };
		04EE79862AC2A938002ACDAA /* IconButton.swift */ = {isa = PBXFileReference; lastKnownFileType = sourcecode.swift; path = IconButton.swift; sourceTree = "<group>"; };
		6321C1A9274F8279009FC005 /* deploy_new_version.yml */ = {isa = PBXFileReference; lastKnownFileType = text.yaml; path = deploy_new_version.yml; sourceTree = "<group>"; };
		639094BB27550F8F00B8A6CB /* Package.swift */ = {isa = PBXFileReference; lastKnownFileType = sourcecode.swift; path = Package.swift; sourceTree = "<group>"; };
		639094BE2755189100B8A6CB /* main.swift */ = {isa = PBXFileReference; lastKnownFileType = sourcecode.swift; path = main.swift; sourceTree = "<group>"; };
		639094BF27552F2E00B8A6CB /* deploy_new_version.swift */ = {isa = PBXFileReference; lastKnownFileType = sourcecode.swift; path = deploy_new_version.swift; sourceTree = "<group>"; };
		639094C027552FB500B8A6CB /* environment.swift */ = {isa = PBXFileReference; lastKnownFileType = sourcecode.swift; path = environment.swift; sourceTree = "<group>"; };
		639094C12755314B00B8A6CB /* temporary_directory.swift */ = {isa = PBXFileReference; lastKnownFileType = sourcecode.swift; path = temporary_directory.swift; sourceTree = "<group>"; };
		639094C22755329200B8A6CB /* provisioning_profile.swift */ = {isa = PBXFileReference; lastKnownFileType = sourcecode.swift; path = provisioning_profile.swift; sourceTree = "<group>"; };
		639094C3275532C600B8A6CB /* security_check_success.swift */ = {isa = PBXFileReference; lastKnownFileType = sourcecode.swift; path = security_check_success.swift; sourceTree = "<group>"; };
		639094C42755342300B8A6CB /* export_options_plist.swift */ = {isa = PBXFileReference; lastKnownFileType = sourcecode.swift; path = export_options_plist.swift; sourceTree = "<group>"; };
		639094C5275534CF00B8A6CB /* app_store_connect.swift */ = {isa = PBXFileReference; lastKnownFileType = sourcecode.swift; path = app_store_connect.swift; sourceTree = "<group>"; };
		639094C62755389500B8A6CB /* signing_keychain.swift */ = {isa = PBXFileReference; lastKnownFileType = sourcecode.swift; path = signing_keychain.swift; sourceTree = "<group>"; };
		639094C72755403300B8A6CB /* wwdr_certificate.swift */ = {isa = PBXFileReference; lastKnownFileType = sourcecode.swift; path = wwdr_certificate.swift; sourceTree = "<group>"; };
		639094C82755406000B8A6CB /* url_request.swift */ = {isa = PBXFileReference; lastKnownFileType = sourcecode.swift; path = url_request.swift; sourceTree = "<group>"; };
		639094C92755423D00B8A6CB /* import_identity.swift */ = {isa = PBXFileReference; lastKnownFileType = sourcecode.swift; path = import_identity.swift; sourceTree = "<group>"; };
		639094CA2755440700B8A6CB /* run_command.swift */ = {isa = PBXFileReference; lastKnownFileType = sourcecode.swift; path = run_command.swift; sourceTree = "<group>"; };
		639094CB275606AB00B8A6CB /* build_xcode_project.swift */ = {isa = PBXFileReference; lastKnownFileType = sourcecode.swift; path = build_xcode_project.swift; sourceTree = "<group>"; };
		63B2D4FE26F4AAE4001D02B3 /* run_tests.yml */ = {isa = PBXFileReference; lastKnownFileType = text.yaml; path = run_tests.yml; sourceTree = "<group>"; };
		63B2D4FF26F4AAE4001D02B3 /* dependabot.yml */ = {isa = PBXFileReference; lastKnownFileType = text.yaml; path = dependabot.yml; sourceTree = "<group>"; };
		63E65DE226EB562C002D116E /* Example-app-UITests.xctest */ = {isa = PBXFileReference; explicitFileType = wrapper.cfbundle; includeInIndex = 0; path = "Example-app-UITests.xctest"; sourceTree = BUILT_PRODUCTS_DIR; };
		63E65DE426EB562C002D116E /* Example_app_UITests.swift */ = {isa = PBXFileReference; lastKnownFileType = sourcecode.swift; path = Example_app_UITests.swift; sourceTree = "<group>"; };
		63E65DE626EB562C002D116E /* Info.plist */ = {isa = PBXFileReference; lastKnownFileType = text.plist.xml; path = Info.plist; sourceTree = "<group>"; };
		890702962A053FDE0027D7A8 /* Base */ = {isa = PBXFileReference; lastKnownFileType = text.plist.strings; name = Base; path = Localizable.strings; sourceTree = "<group>"; };
		890702982A053FE50027D7A8 /* en */ = {isa = PBXFileReference; lastKnownFileType = text.plist.strings; name = en; path = ../en.lproj/Localizable.strings; sourceTree = "<group>"; };
		890702992A0541E60027D7A8 /* String+Localize.swift */ = {isa = PBXFileReference; lastKnownFileType = sourcecode.swift; path = "String+Localize.swift"; sourceTree = "<group>"; };
		8907029B2A0A20020027D7A8 /* StorageHelper.swift */ = {isa = PBXFileReference; lastKnownFileType = sourcecode.swift; path = StorageHelper.swift; sourceTree = "<group>"; };
		8907029F2A0A23ED0027D7A8 /* StandaloneUrlView.swift */ = {isa = PBXFileReference; lastKnownFileType = sourcecode.swift; path = StandaloneUrlView.swift; sourceTree = "<group>"; };
		890702A12A0A24820027D7A8 /* PaymentAlternativesViewController.swift */ = {isa = PBXFileReference; lastKnownFileType = sourcecode.swift; path = PaymentAlternativesViewController.swift; sourceTree = "<group>"; };
		890702A32A0A2CC50027D7A8 /* StandaloneUrlViewModel.swift */ = {isa = PBXFileReference; lastKnownFileType = sourcecode.swift; path = StandaloneUrlViewModel.swift; sourceTree = "<group>"; };
		89919A372A0140C60011ADF0 /* SwedbankPayConfiguration.swift */ = {isa = PBXFileReference; lastKnownFileType = sourcecode.swift; path = SwedbankPayConfiguration.swift; sourceTree = "<group>"; };
		A548FFB2241BCC76007C7B17 /* EnvironmentSettingsCell.swift */ = {isa = PBXFileReference; lastKnownFileType = sourcecode.swift; path = EnvironmentSettingsCell.swift; sourceTree = "<group>"; };
		A569986424113FF100162D69 /* ConsumerSettingsCell.swift */ = {isa = PBXFileReference; lastKnownFileType = sourcecode.swift; path = ConsumerSettingsCell.swift; sourceTree = "<group>"; };
		A56998662417C3B000162D69 /* SettingsCell.swift */ = {isa = PBXFileReference; lastKnownFileType = sourcecode.swift; path = SettingsCell.swift; sourceTree = "<group>"; };
		A58DAF0124041E0A004F9AF2 /* GeneralSettingsCell.swift */ = {isa = PBXFileReference; lastKnownFileType = sourcecode.swift; path = GeneralSettingsCell.swift; sourceTree = "<group>"; };
		A58DAF0624053A5A004F9AF2 /* ShoppingCartHeaderCell.swift */ = {isa = PBXFileReference; lastKnownFileType = sourcecode.swift; path = ShoppingCartHeaderCell.swift; sourceTree = "<group>"; };
		A5AA1D6D23967AE4008A62CC /* Example-app.entitlements */ = {isa = PBXFileReference; lastKnownFileType = text.plist.entitlements; path = "Example-app.entitlements"; sourceTree = "<group>"; };
		A5AD795A26664B7800DE62B1 /* StyleSettingsCell.swift */ = {isa = PBXFileReference; lastKnownFileType = sourcecode.swift; path = StyleSettingsCell.swift; sourceTree = "<group>"; };
		A5AD795E2666744700DE62B1 /* StyleParser.swift */ = {isa = PBXFileReference; lastKnownFileType = sourcecode.swift; path = StyleParser.swift; sourceTree = "<group>"; };
		A5BE1E7125791BC400336A79 /* EnvironmentOptionView.swift */ = {isa = PBXFileReference; lastKnownFileType = sourcecode.swift; path = EnvironmentOptionView.swift; sourceTree = "<group>"; };
		A5C24B59257E5D8B00D832D9 /* PayerOwnedPaymentTokensViewController.swift */ = {isa = PBXFileReference; lastKnownFileType = sourcecode.swift; path = PayerOwnedPaymentTokensViewController.swift; sourceTree = "<group>"; };
		A5C24B5C257E6A3300D832D9 /* PaymentTokenCell.swift */ = {isa = PBXFileReference; lastKnownFileType = sourcecode.swift; path = PaymentTokenCell.swift; sourceTree = "<group>"; };
		C50CF6AA237AB10A003F79DF /* PurchaseData.swift */ = {isa = PBXFileReference; lastKnownFileType = sourcecode.swift; path = PurchaseData.swift; sourceTree = "<group>"; };
		C50CF6AC237AB119003F79DF /* PurchaseItem.swift */ = {isa = PBXFileReference; lastKnownFileType = sourcecode.swift; path = PurchaseItem.swift; sourceTree = "<group>"; };
		C50CF6AE237AB126003F79DF /* PaymentResult.swift */ = {isa = PBXFileReference; lastKnownFileType = sourcecode.swift; path = PaymentResult.swift; sourceTree = "<group>"; };
		C50CF6B0237AB12D003F79DF /* ConsumerType.swift */ = {isa = PBXFileReference; lastKnownFileType = sourcecode.swift; path = ConsumerType.swift; sourceTree = "<group>"; };
		C50CF6B2237AB149003F79DF /* Country.swift */ = {isa = PBXFileReference; lastKnownFileType = sourcecode.swift; path = Country.swift; sourceTree = "<group>"; };
		C50CF6B6237AB15C003F79DF /* Product.swift */ = {isa = PBXFileReference; lastKnownFileType = sourcecode.swift; path = Product.swift; sourceTree = "<group>"; };
		C50CF6D0237AC586003F79DF /* Currency.swift */ = {isa = PBXFileReference; lastKnownFileType = sourcecode.swift; path = Currency.swift; sourceTree = "<group>"; };
		C54D554C23701E6B00E3B301 /* Example-app.app */ = {isa = PBXFileReference; explicitFileType = wrapper.application; includeInIndex = 0; path = "Example-app.app"; sourceTree = BUILT_PRODUCTS_DIR; };
		C54D556523701F9D00E3B301 /* UIFont+Extension.swift */ = {isa = PBXFileReference; fileEncoding = 4; lastKnownFileType = sourcecode.swift; path = "UIFont+Extension.swift"; sourceTree = "<group>"; };
		C54D556623701F9D00E3B301 /* UIColor+Extension.swift */ = {isa = PBXFileReference; fileEncoding = 4; lastKnownFileType = sourcecode.swift; path = "UIColor+Extension.swift"; sourceTree = "<group>"; };
		C54D556723701F9D00E3B301 /* UIView+Extension.swift */ = {isa = PBXFileReference; fileEncoding = 4; lastKnownFileType = sourcecode.swift; path = "UIView+Extension.swift"; sourceTree = "<group>"; };
		C54D556823701F9D00E3B301 /* UINavigationController+Extension.swift */ = {isa = PBXFileReference; fileEncoding = 4; lastKnownFileType = sourcecode.swift; path = "UINavigationController+Extension.swift"; sourceTree = "<group>"; };
		C54D556923701F9D00E3B301 /* Info.plist */ = {isa = PBXFileReference; fileEncoding = 4; lastKnownFileType = text.plist.xml; path = Info.plist; sourceTree = "<group>"; };
		C54D556A23701F9D00E3B301 /* AppDelegate.swift */ = {isa = PBXFileReference; fileEncoding = 4; lastKnownFileType = sourcecode.swift; path = AppDelegate.swift; sourceTree = "<group>"; };
		C54D556C23701F9D00E3B301 /* ConsumerViewModel.swift */ = {isa = PBXFileReference; fileEncoding = 4; lastKnownFileType = sourcecode.swift; path = ConsumerViewModel.swift; sourceTree = "<group>"; };
		C54D556D23701F9D00E3B301 /* PaymentViewModel.swift */ = {isa = PBXFileReference; fileEncoding = 4; lastKnownFileType = sourcecode.swift; path = PaymentViewModel.swift; sourceTree = "<group>"; };
		C54D556E23701F9D00E3B301 /* StoreViewModel.swift */ = {isa = PBXFileReference; fileEncoding = 4; lastKnownFileType = sourcecode.swift; path = StoreViewModel.swift; sourceTree = "<group>"; };
		C54D557923701F9D00E3B301 /* StoreViewController.swift */ = {isa = PBXFileReference; fileEncoding = 4; lastKnownFileType = sourcecode.swift; path = StoreViewController.swift; sourceTree = "<group>"; };
		C54D557A23701F9D00E3B301 /* ResultViewController.swift */ = {isa = PBXFileReference; fileEncoding = 4; lastKnownFileType = sourcecode.swift; path = ResultViewController.swift; sourceTree = "<group>"; };
		C54D557B23701F9D00E3B301 /* ShoppingCartViewController.swift */ = {isa = PBXFileReference; fileEncoding = 4; lastKnownFileType = sourcecode.swift; path = ShoppingCartViewController.swift; sourceTree = "<group>"; };
		C54D557C23701F9D00E3B301 /* PaymentViewController.swift */ = {isa = PBXFileReference; fileEncoding = 4; lastKnownFileType = sourcecode.swift; path = PaymentViewController.swift; sourceTree = "<group>"; };
		C54D557D23701F9D00E3B301 /* ProductTableViewCell.swift */ = {isa = PBXFileReference; fileEncoding = 4; lastKnownFileType = sourcecode.swift; path = ProductTableViewCell.swift; sourceTree = "<group>"; };
		C54D557E23701F9D00E3B301 /* ShoppingCartSummaryFooterView.swift */ = {isa = PBXFileReference; fileEncoding = 4; lastKnownFileType = sourcecode.swift; path = ShoppingCartSummaryFooterView.swift; sourceTree = "<group>"; };
		C54D557F23701F9D00E3B301 /* ShoppingCartProductTableViewCell.swift */ = {isa = PBXFileReference; fileEncoding = 4; lastKnownFileType = sourcecode.swift; path = ShoppingCartProductTableViewCell.swift; sourceTree = "<group>"; };
		C54D558023701F9D00E3B301 /* Images.xcassets */ = {isa = PBXFileReference; lastKnownFileType = folder.assetcatalog; path = Images.xcassets; sourceTree = "<group>"; };
		C54D558323701F9D00E3B301 /* IBMPlexMono-Thin.ttf */ = {isa = PBXFileReference; lastKnownFileType = file; path = "IBMPlexMono-Thin.ttf"; sourceTree = "<group>"; };
		C54D558423701F9D00E3B301 /* IBMPlexMono-Bold.ttf */ = {isa = PBXFileReference; lastKnownFileType = file; path = "IBMPlexMono-Bold.ttf"; sourceTree = "<group>"; };
		C54D558523701F9D00E3B301 /* IBMPlexMono-MediumItalic.ttf */ = {isa = PBXFileReference; lastKnownFileType = file; path = "IBMPlexMono-MediumItalic.ttf"; sourceTree = "<group>"; };
		C54D558623701F9D00E3B301 /* IBMPlexMono-BoldItalic.ttf */ = {isa = PBXFileReference; lastKnownFileType = file; path = "IBMPlexMono-BoldItalic.ttf"; sourceTree = "<group>"; };
		C54D558723701F9D00E3B301 /* IBMPlexMono-Medium.ttf */ = {isa = PBXFileReference; lastKnownFileType = file; path = "IBMPlexMono-Medium.ttf"; sourceTree = "<group>"; };
		C54D558823701F9D00E3B301 /* IBMPlexMono-ExtraLight.ttf */ = {isa = PBXFileReference; lastKnownFileType = file; path = "IBMPlexMono-ExtraLight.ttf"; sourceTree = "<group>"; };
		C54D558923701F9D00E3B301 /* IBMPlexMono-ExtraLightItalic.ttf */ = {isa = PBXFileReference; lastKnownFileType = file; path = "IBMPlexMono-ExtraLightItalic.ttf"; sourceTree = "<group>"; };
		C54D558A23701F9D00E3B301 /* IBMPlexMono-ThinItalic.ttf */ = {isa = PBXFileReference; lastKnownFileType = file; path = "IBMPlexMono-ThinItalic.ttf"; sourceTree = "<group>"; };
		C54D558B23701F9D00E3B301 /* IBMPlexMono-Regular.ttf */ = {isa = PBXFileReference; lastKnownFileType = file; path = "IBMPlexMono-Regular.ttf"; sourceTree = "<group>"; };
		C54D558C23701F9D00E3B301 /* IBMPlexMono-Light.ttf */ = {isa = PBXFileReference; lastKnownFileType = file; path = "IBMPlexMono-Light.ttf"; sourceTree = "<group>"; };
		C54D558D23701F9D00E3B301 /* IBMPlexMono-Italic.ttf */ = {isa = PBXFileReference; lastKnownFileType = file; path = "IBMPlexMono-Italic.ttf"; sourceTree = "<group>"; };
		C54D558E23701F9D00E3B301 /* OFL.txt */ = {isa = PBXFileReference; fileEncoding = 4; lastKnownFileType = text; path = OFL.txt; sourceTree = "<group>"; };
		C54D558F23701F9D00E3B301 /* IBMPlexMono-SemiBold.ttf */ = {isa = PBXFileReference; lastKnownFileType = file; path = "IBMPlexMono-SemiBold.ttf"; sourceTree = "<group>"; };
		C54D559023701F9D00E3B301 /* IBMPlexMono-SemiBoldItalic.ttf */ = {isa = PBXFileReference; lastKnownFileType = file; path = "IBMPlexMono-SemiBoldItalic.ttf"; sourceTree = "<group>"; };
		C54D559123701F9D00E3B301 /* IBMPlexMono-LightItalic.ttf */ = {isa = PBXFileReference; lastKnownFileType = file; path = "IBMPlexMono-LightItalic.ttf"; sourceTree = "<group>"; };
		C5CF1E7F2370499D008DFCCC /* Default-568h@2x.png */ = {isa = PBXFileReference; lastKnownFileType = image.png; path = "Default-568h@2x.png"; sourceTree = "<group>"; };
		D5083C3C2897FAEE00F4A307 /* ShoppingBasketView.swift */ = {isa = PBXFileReference; lastKnownFileType = sourcecode.swift; path = ShoppingBasketView.swift; sourceTree = "<group>"; };
		D50E22C928995E0F007D8E83 /* ColorExtensions.swift */ = {isa = PBXFileReference; lastKnownFileType = sourcecode.swift; path = ColorExtensions.swift; sourceTree = "<group>"; };
		D50E22CB28996D0F007D8E83 /* TransitionExtensions.swift */ = {isa = PBXFileReference; lastKnownFileType = sourcecode.swift; path = TransitionExtensions.swift; sourceTree = "<group>"; };
		D50E22CD289AAD62007D8E83 /* StoreViewModelObserved.swift */ = {isa = PBXFileReference; lastKnownFileType = sourcecode.swift; path = StoreViewModelObserved.swift; sourceTree = "<group>"; };
		D50E22CF289AADD9007D8E83 /* ShoppingCartProductCell.swift */ = {isa = PBXFileReference; lastKnownFileType = sourcecode.swift; path = ShoppingCartProductCell.swift; sourceTree = "<group>"; };
		D50E22D1289AAE58007D8E83 /* ProductListView.swift */ = {isa = PBXFileReference; lastKnownFileType = sourcecode.swift; path = ProductListView.swift; sourceTree = "<group>"; };
		D50E22D3289ABA97007D8E83 /* ShoppingCartTable.swift */ = {isa = PBXFileReference; lastKnownFileType = sourcecode.swift; path = ShoppingCartTable.swift; sourceTree = "<group>"; };
		D50E22D5289AF699007D8E83 /* ToggleStyle.swift */ = {isa = PBXFileReference; lastKnownFileType = sourcecode.swift; path = ToggleStyle.swift; sourceTree = "<group>"; };
		D50E22D7289BB013007D8E83 /* EnvironmentSettingsView.swift */ = {isa = PBXFileReference; lastKnownFileType = sourcecode.swift; path = EnvironmentSettingsView.swift; sourceTree = "<group>"; };
		D50E22D9289BEE38007D8E83 /* ConsumerSettingsView.swift */ = {isa = PBXFileReference; lastKnownFileType = sourcecode.swift; path = ConsumerSettingsView.swift; sourceTree = "<group>"; };
		D554F1AF28AA5E8B007867A4 /* StyleSettings.swift */ = {isa = PBXFileReference; lastKnownFileType = sourcecode.swift; path = StyleSettings.swift; sourceTree = "<group>"; };
		D5AA1BE22901291C00B82C9B /* Base */ = {isa = PBXFileReference; lastKnownFileType = file.xib; name = Base; path = ../Base.lproj/LaunchScreen.xib; sourceTree = "<group>"; };
		D5AA1BE32901291C00B82C9B /* Base */ = {isa = PBXFileReference; lastKnownFileType = file.xib; name = Base; path = ../Base.lproj/EnvironmentOptionView.xib; sourceTree = "<group>"; };
		D5AA1BE42901291C00B82C9B /* Base */ = {isa = PBXFileReference; lastKnownFileType = file.storyboard; name = Base; path = ../Base.lproj/Main.storyboard; sourceTree = "<group>"; };
		D5AA1BE52901291C00B82C9B /* Base */ = {isa = PBXFileReference; lastKnownFileType = file.xib; name = Base; path = ../Base.lproj/ProductTableViewCell.xib; sourceTree = "<group>"; };
		D5D6E2A428742BB7008E75D7 /* LogView.swift */ = {isa = PBXFileReference; lastKnownFileType = sourcecode.swift; path = LogView.swift; sourceTree = "<group>"; };
		D5D6E2D5287EBD52008E75D7 /* GeneralSettings.swift */ = {isa = PBXFileReference; lastKnownFileType = sourcecode.swift; path = GeneralSettings.swift; sourceTree = "<group>"; };
		D5D6E2D7287EC1D8008E75D7 /* GeneralSettingsViewModel.swift */ = {isa = PBXFileReference; lastKnownFileType = sourcecode.swift; path = GeneralSettingsViewModel.swift; sourceTree = "<group>"; };
		D5D6E2D9287EFF23008E75D7 /* TextExtensions.swift */ = {isa = PBXFileReference; lastKnownFileType = sourcecode.swift; path = TextExtensions.swift; sourceTree = "<group>"; };
		D5D6E2DB287EFF44008E75D7 /* ViewExtensions.swift */ = {isa = PBXFileReference; lastKnownFileType = sourcecode.swift; path = ViewExtensions.swift; sourceTree = "<group>"; };
		D5D6E2DD287F4DAA008E75D7 /* ImageExtensions.swift */ = {isa = PBXFileReference; lastKnownFileType = sourcecode.swift; path = ImageExtensions.swift; sourceTree = "<group>"; };
		D5D6E2DF287F4DF0008E75D7 /* PayerReferenceSettings.swift */ = {isa = PBXFileReference; lastKnownFileType = sourcecode.swift; path = PayerReferenceSettings.swift; sourceTree = "<group>"; };
		D5D6E2E1288191DA008E75D7 /* PaymentTokenSettings.swift */ = {isa = PBXFileReference; lastKnownFileType = sourcecode.swift; path = PaymentTokenSettings.swift; sourceTree = "<group>"; };
		D5D6E2E32881933C008E75D7 /* GeneralToggleSettings.swift */ = {isa = PBXFileReference; lastKnownFileType = sourcecode.swift; path = GeneralToggleSettings.swift; sourceTree = "<group>"; };
		D5D6E2E5288195F3008E75D7 /* InstrumentModeSelector.swift */ = {isa = PBXFileReference; lastKnownFileType = sourcecode.swift; path = InstrumentModeSelector.swift; sourceTree = "<group>"; };
/* End PBXFileReference section */

/* Begin PBXFrameworksBuildPhase section */
		63E65DDF26EB562C002D116E /* Frameworks */ = {
			isa = PBXFrameworksBuildPhase;
			buildActionMask = 2147483647;
			files = (
			);
			runOnlyForDeploymentPostprocessing = 0;
		};
		C54D554923701E6B00E3B301 /* Frameworks */ = {
			isa = PBXFrameworksBuildPhase;
			buildActionMask = 2147483647;
			files = (
				04EE79822AC1B657002ACDAA /* CodeScanner in Frameworks */,
				A569C75326D4CB2400B2237C /* SwedbankPaySDKMerchantBackend in Frameworks */,
				A569C75126D4CB2400B2237C /* SwedbankPaySDK in Frameworks */,
			);
			runOnlyForDeploymentPostprocessing = 0;
		};
/* End PBXFrameworksBuildPhase section */

/* Begin PBXGroup section */
		04EE79852AC2A8DD002ACDAA /* ccomponents */ = {
			isa = PBXGroup;
			children = (
				04EE79862AC2A938002ACDAA /* IconButton.swift */,
			);
			path = ccomponents;
			sourceTree = "<group>";
		};
		6332462C26EF820C00FB705A /* .github */ = {
			isa = PBXGroup;
			children = (
				63B2D4FF26F4AAE4001D02B3 /* dependabot.yml */,
				63B2D4FD26F4AAE4001D02B3 /* workflows */,
			);
			path = .github;
			sourceTree = "<group>";
		};
		639094BA27550F8F00B8A6CB /* deploy_new_version */ = {
			isa = PBXGroup;
			children = (
				639094BB27550F8F00B8A6CB /* Package.swift */,
				639094BC27550F8F00B8A6CB /* Sources */,
			);
			path = deploy_new_version;
			sourceTree = "<group>";
		};
		639094BC27550F8F00B8A6CB /* Sources */ = {
			isa = PBXGroup;
			children = (
				639094BD27550F8F00B8A6CB /* deploy */,
			);
			path = Sources;
			sourceTree = "<group>";
		};
		639094BD27550F8F00B8A6CB /* deploy */ = {
			isa = PBXGroup;
			children = (
				639094BE2755189100B8A6CB /* main.swift */,
				639094C027552FB500B8A6CB /* environment.swift */,
				639094BF27552F2E00B8A6CB /* deploy_new_version.swift */,
				639094C82755406000B8A6CB /* url_request.swift */,
				639094C12755314B00B8A6CB /* temporary_directory.swift */,
				639094C3275532C600B8A6CB /* security_check_success.swift */,
				639094C22755329200B8A6CB /* provisioning_profile.swift */,
				639094C42755342300B8A6CB /* export_options_plist.swift */,
				639094C5275534CF00B8A6CB /* app_store_connect.swift */,
				639094C62755389500B8A6CB /* signing_keychain.swift */,
				639094C72755403300B8A6CB /* wwdr_certificate.swift */,
				639094C92755423D00B8A6CB /* import_identity.swift */,
				639094CA2755440700B8A6CB /* run_command.swift */,
				639094CB275606AB00B8A6CB /* build_xcode_project.swift */,
			);
			path = deploy;
			sourceTree = "<group>";
		};
		63B2D4FD26F4AAE4001D02B3 /* workflows */ = {
			isa = PBXGroup;
			children = (
				6321C1A9274F8279009FC005 /* deploy_new_version.yml */,
				63B2D4FE26F4AAE4001D02B3 /* run_tests.yml */,
			);
			path = workflows;
			sourceTree = "<group>";
		};
		63E65DE326EB562C002D116E /* Example-app-UITests */ = {
			isa = PBXGroup;
			children = (
				63E65DE426EB562C002D116E /* Example_app_UITests.swift */,
				63E65DE626EB562C002D116E /* Info.plist */,
			);
			path = "Example-app-UITests";
			sourceTree = "<group>";
		};
		89919A2E29FC0D3F0011ADF0 /* Utilities */ = {
			isa = PBXGroup;
			children = (
				89919A372A0140C60011ADF0 /* SwedbankPayConfiguration.swift */,
				8907029B2A0A20020027D7A8 /* StorageHelper.swift */,
			);
			path = Utilities;
			sourceTree = "<group>";
		};
		A5AD795D2666743400DE62B1 /* Utils */ = {
			isa = PBXGroup;
			children = (
				A5AD795E2666744700DE62B1 /* StyleParser.swift */,
			);
			path = Utils;
			sourceTree = "<group>";
		};
		C50CF6822374638E003F79DF /* Certificates */ = {
			isa = PBXGroup;
			children = (
			);
			path = Certificates;
			sourceTree = "<group>";
		};
		C54D554323701E6B00E3B301 = {
			isa = PBXGroup;
			children = (
				639094BA27550F8F00B8A6CB /* deploy_new_version */,
				6332462C26EF820C00FB705A /* .github */,
				C5CF1E7F2370499D008DFCCC /* Default-568h@2x.png */,
				C54D554E23701E6B00E3B301 /* Example-app */,
				63E65DE326EB562C002D116E /* Example-app-UITests */,
				C54D554D23701E6B00E3B301 /* Products */,
			);
			sourceTree = "<group>";
		};
		C54D554D23701E6B00E3B301 /* Products */ = {
			isa = PBXGroup;
			children = (
				C54D554C23701E6B00E3B301 /* Example-app.app */,
				63E65DE226EB562C002D116E /* Example-app-UITests.xctest */,
			);
			name = Products;
			sourceTree = "<group>";
		};
		C54D554E23701E6B00E3B301 /* Example-app */ = {
			isa = PBXGroup;
			children = (
				A5AA1D6D23967AE4008A62CC /* Example-app.entitlements */,
				C54D556923701F9D00E3B301 /* Info.plist */,
				C54D556A23701F9D00E3B301 /* AppDelegate.swift */,
				C54D557023701F9D00E3B301 /* Base.lproj */,
				89919A2E29FC0D3F0011ADF0 /* Utilities */,
				C54D556423701F9D00E3B301 /* Extensions */,
				C54D557623701F9D00E3B301 /* Models */,
				C54D558123701F9D00E3B301 /* Resources */,
				D5D6E2A328742B14008E75D7 /* Views */,
				C54D557823701F9D00E3B301 /* ViewControllers */,
				C54D556B23701F9D00E3B301 /* ViewModels */,
				A5AD795D2666743400DE62B1 /* Utils */,
				C54D558023701F9D00E3B301 /* Images.xcassets */,
			);
			path = "Example-app";
			sourceTree = "<group>";
		};
		C54D556423701F9D00E3B301 /* Extensions */ = {
			isa = PBXGroup;
			children = (
				C54D556523701F9D00E3B301 /* UIFont+Extension.swift */,
				C54D556623701F9D00E3B301 /* UIColor+Extension.swift */,
				C54D556723701F9D00E3B301 /* UIView+Extension.swift */,
				C54D556823701F9D00E3B301 /* UINavigationController+Extension.swift */,
				D5D6E2D9287EFF23008E75D7 /* TextExtensions.swift */,
				D5D6E2DB287EFF44008E75D7 /* ViewExtensions.swift */,
				D5D6E2DD287F4DAA008E75D7 /* ImageExtensions.swift */,
				D50E22C928995E0F007D8E83 /* ColorExtensions.swift */,
				D50E22CB28996D0F007D8E83 /* TransitionExtensions.swift */,
				D50E22D5289AF699007D8E83 /* ToggleStyle.swift */,
				890702992A0541E60027D7A8 /* String+Localize.swift */,
			);
			path = Extensions;
			sourceTree = "<group>";
		};
		C54D556B23701F9D00E3B301 /* ViewModels */ = {
			isa = PBXGroup;
			children = (
				D5D6E2D7287EC1D8008E75D7 /* GeneralSettingsViewModel.swift */,
				C54D556C23701F9D00E3B301 /* ConsumerViewModel.swift */,
				C54D556D23701F9D00E3B301 /* PaymentViewModel.swift */,
				C54D556E23701F9D00E3B301 /* StoreViewModel.swift */,
				D50E22CD289AAD62007D8E83 /* StoreViewModelObserved.swift */,
				890702A32A0A2CC50027D7A8 /* StandaloneUrlViewModel.swift */,
			);
			path = ViewModels;
			sourceTree = "<group>";
		};
		C54D557023701F9D00E3B301 /* Base.lproj */ = {
			isa = PBXGroup;
			children = (
				C54D557123701F9D00E3B301 /* LaunchScreen.xib */,
				A5BE1E6D25791BAB00336A79 /* EnvironmentOptionView.xib */,
				C54D557323701F9D00E3B301 /* Main.storyboard */,
				C54D55B92370204000E3B301 /* ProductTableViewCell.xib */,
				890702952A053FDE0027D7A8 /* Localizable.strings */,
			);
			path = Base.lproj;
			sourceTree = "<group>";
		};
		C54D557623701F9D00E3B301 /* Models */ = {
			isa = PBXGroup;
			children = (
				C50CF6B0237AB12D003F79DF /* ConsumerType.swift */,
				C50CF6B2237AB149003F79DF /* Country.swift */,
				C50CF6D0237AC586003F79DF /* Currency.swift */,
				C50CF6AE237AB126003F79DF /* PaymentResult.swift */,
				C50CF6B6237AB15C003F79DF /* Product.swift */,
				C50CF6AA237AB10A003F79DF /* PurchaseData.swift */,
				C50CF6AC237AB119003F79DF /* PurchaseItem.swift */,
				04EE79832AC1D07E002ACDAA /* ScanUrl.swift */,
			);
			path = Models;
			sourceTree = "<group>";
		};
		C54D557823701F9D00E3B301 /* ViewControllers */ = {
			isa = PBXGroup;
			children = (
				C54D557923701F9D00E3B301 /* StoreViewController.swift */,
				C54D557B23701F9D00E3B301 /* ShoppingCartViewController.swift */,
				A58DAF0124041E0A004F9AF2 /* GeneralSettingsCell.swift */,
				A548FFB2241BCC76007C7B17 /* EnvironmentSettingsCell.swift */,
				A56998662417C3B000162D69 /* SettingsCell.swift */,
				A569986424113FF100162D69 /* ConsumerSettingsCell.swift */,
				A5AD795A26664B7800DE62B1 /* StyleSettingsCell.swift */,
				C54D557C23701F9D00E3B301 /* PaymentViewController.swift */,
				C54D557A23701F9D00E3B301 /* ResultViewController.swift */,
				C54D557D23701F9D00E3B301 /* ProductTableViewCell.swift */,
				C54D557F23701F9D00E3B301 /* ShoppingCartProductTableViewCell.swift */,
				A58DAF0624053A5A004F9AF2 /* ShoppingCartHeaderCell.swift */,
				C54D557E23701F9D00E3B301 /* ShoppingCartSummaryFooterView.swift */,
				A5BE1E7125791BC400336A79 /* EnvironmentOptionView.swift */,
				A5C24B59257E5D8B00D832D9 /* PayerOwnedPaymentTokensViewController.swift */,
				A5C24B5C257E6A3300D832D9 /* PaymentTokenCell.swift */,
				890702A12A0A24820027D7A8 /* PaymentAlternativesViewController.swift */,
			);
			path = ViewControllers;
			sourceTree = "<group>";
		};
		C54D558123701F9D00E3B301 /* Resources */ = {
			isa = PBXGroup;
			children = (
				C50CF6822374638E003F79DF /* Certificates */,
				C54D558223701F9D00E3B301 /* Fonts */,
			);
			path = Resources;
			sourceTree = "<group>";
		};
		C54D558223701F9D00E3B301 /* Fonts */ = {
			isa = PBXGroup;
			children = (
				C54D558323701F9D00E3B301 /* IBMPlexMono-Thin.ttf */,
				C54D558423701F9D00E3B301 /* IBMPlexMono-Bold.ttf */,
				C54D558523701F9D00E3B301 /* IBMPlexMono-MediumItalic.ttf */,
				C54D558623701F9D00E3B301 /* IBMPlexMono-BoldItalic.ttf */,
				C54D558723701F9D00E3B301 /* IBMPlexMono-Medium.ttf */,
				C54D558823701F9D00E3B301 /* IBMPlexMono-ExtraLight.ttf */,
				C54D558923701F9D00E3B301 /* IBMPlexMono-ExtraLightItalic.ttf */,
				C54D558A23701F9D00E3B301 /* IBMPlexMono-ThinItalic.ttf */,
				C54D558B23701F9D00E3B301 /* IBMPlexMono-Regular.ttf */,
				C54D558C23701F9D00E3B301 /* IBMPlexMono-Light.ttf */,
				C54D558D23701F9D00E3B301 /* IBMPlexMono-Italic.ttf */,
				C54D558E23701F9D00E3B301 /* OFL.txt */,
				C54D558F23701F9D00E3B301 /* IBMPlexMono-SemiBold.ttf */,
				C54D559023701F9D00E3B301 /* IBMPlexMono-SemiBoldItalic.ttf */,
				C54D559123701F9D00E3B301 /* IBMPlexMono-LightItalic.ttf */,
			);
			path = Fonts;
			sourceTree = "<group>";
		};
		D5D6E2A328742B14008E75D7 /* Views */ = {
			isa = PBXGroup;
			children = (
				04EE79852AC2A8DD002ACDAA /* ccomponents */,
				D5D6E2A428742BB7008E75D7 /* LogView.swift */,
				D5D6E2D5287EBD52008E75D7 /* GeneralSettings.swift */,
				D5D6E2DF287F4DF0008E75D7 /* PayerReferenceSettings.swift */,
				D5D6E2E1288191DA008E75D7 /* PaymentTokenSettings.swift */,
				D5D6E2E32881933C008E75D7 /* GeneralToggleSettings.swift */,
				D5D6E2E5288195F3008E75D7 /* InstrumentModeSelector.swift */,
				D5083C3C2897FAEE00F4A307 /* ShoppingBasketView.swift */,
				D50E22CF289AADD9007D8E83 /* ShoppingCartProductCell.swift */,
				D50E22D1289AAE58007D8E83 /* ProductListView.swift */,
				D50E22D3289ABA97007D8E83 /* ShoppingCartTable.swift */,
				D50E22D7289BB013007D8E83 /* EnvironmentSettingsView.swift */,
				D50E22D9289BEE38007D8E83 /* ConsumerSettingsView.swift */,
				D554F1AF28AA5E8B007867A4 /* StyleSettings.swift */,
				8907029F2A0A23ED0027D7A8 /* StandaloneUrlView.swift */,
			);
			path = Views;
			sourceTree = "<group>";
		};
/* End PBXGroup section */

/* Begin PBXNativeTarget section */
		63E65DE126EB562C002D116E /* Example-app-UITests */ = {
			isa = PBXNativeTarget;
			buildConfigurationList = 63E65DEB26EB562C002D116E /* Build configuration list for PBXNativeTarget "Example-app-UITests" */;
			buildPhases = (
				63E65DDE26EB562C002D116E /* Sources */,
				63E65DDF26EB562C002D116E /* Frameworks */,
				63E65DE026EB562C002D116E /* Resources */,
			);
			buildRules = (
			);
			dependencies = (
				63E65DE826EB562C002D116E /* PBXTargetDependency */,
			);
			name = "Example-app-UITests";
			productName = "Example-app-UITests";
			productReference = 63E65DE226EB562C002D116E /* Example-app-UITests.xctest */;
			productType = "com.apple.product-type.bundle.ui-testing";
		};
		C54D554B23701E6B00E3B301 /* Example-app */ = {
			isa = PBXNativeTarget;
			buildConfigurationList = C54D556023701E6C00E3B301 /* Build configuration list for PBXNativeTarget "Example-app" */;
			buildPhases = (
				C54D554823701E6B00E3B301 /* Sources */,
				C54D554923701E6B00E3B301 /* Frameworks */,
				C54D554A23701E6B00E3B301 /* Resources */,
			);
			buildRules = (
			);
			dependencies = (
			);
			name = "Example-app";
			packageProductDependencies = (
				A569C75026D4CB2400B2237C /* SwedbankPaySDK */,
				A569C75226D4CB2400B2237C /* SwedbankPaySDKMerchantBackend */,
				04EE79812AC1B657002ACDAA /* CodeScanner */,
			);
			productName = "Swedbank Pay SDK Example";
			productReference = C54D554C23701E6B00E3B301 /* Example-app.app */;
			productType = "com.apple.product-type.application";
		};
/* End PBXNativeTarget section */

/* Begin PBXProject section */
		C54D554423701E6B00E3B301 /* Project object */ = {
			isa = PBXProject;
			attributes = {
				LastSwiftUpdateCheck = 1250;
				LastUpgradeCheck = 1410;
				ORGANIZATIONNAME = Swedbank;
				TargetAttributes = {
					63E65DE126EB562C002D116E = {
						CreatedOnToolsVersion = 12.5.1;
						TestTargetID = C54D554B23701E6B00E3B301;
					};
					C54D554B23701E6B00E3B301 = {
						CreatedOnToolsVersion = 11.0;
						LastSwiftMigration = 1100;
					};
				};
			};
			buildConfigurationList = C54D554723701E6B00E3B301 /* Build configuration list for PBXProject "Example-app" */;
			compatibilityVersion = "Xcode 9.3";
			developmentRegion = en;
			hasScannedForEncodings = 0;
			knownRegions = (
				en,
				Base,
			);
			mainGroup = C54D554323701E6B00E3B301;
			packageReferences = (
				A569C74F26D4CB2400B2237C /* XCRemoteSwiftPackageReference "swedbank-pay-sdk-ios" */,
				04EE79802AC1B657002ACDAA /* XCRemoteSwiftPackageReference "CodeScanner" */,
			);
			productRefGroup = C54D554D23701E6B00E3B301 /* Products */;
			projectDirPath = "";
			projectRoot = "";
			targets = (
				C54D554B23701E6B00E3B301 /* Example-app */,
				63E65DE126EB562C002D116E /* Example-app-UITests */,
			);
		};
/* End PBXProject section */

/* Begin PBXResourcesBuildPhase section */
		63E65DE026EB562C002D116E /* Resources */ = {
			isa = PBXResourcesBuildPhase;
			buildActionMask = 2147483647;
			files = (
			);
			runOnlyForDeploymentPostprocessing = 0;
		};
		C54D554A23701E6B00E3B301 /* Resources */ = {
			isa = PBXResourcesBuildPhase;
			buildActionMask = 2147483647;
			files = (
				C54D55B223701F9D00E3B301 /* IBMPlexMono-Light.ttf in Resources */,
				C5CF1E802370499D008DFCCC /* Default-568h@2x.png in Resources */,
				C54D55AC23701F9D00E3B301 /* IBMPlexMono-BoldItalic.ttf in Resources */,
				C54D55AA23701F9D00E3B301 /* IBMPlexMono-Bold.ttf in Resources */,
				C54D55B023701F9D00E3B301 /* IBMPlexMono-ThinItalic.ttf in Resources */,
				C54D55AD23701F9D00E3B301 /* IBMPlexMono-Medium.ttf in Resources */,
				C54D55B623701F9D00E3B301 /* IBMPlexMono-SemiBoldItalic.ttf in Resources */,
				C54D55AF23701F9D00E3B301 /* IBMPlexMono-ExtraLightItalic.ttf in Resources */,
				C54D559D23701F9D00E3B301 /* LaunchScreen.xib in Resources */,
				C54D55B123701F9D00E3B301 /* IBMPlexMono-Regular.ttf in Resources */,
				890702972A053FDE0027D7A8 /* Localizable.strings in Resources */,
				C54D55AB23701F9D00E3B301 /* IBMPlexMono-MediumItalic.ttf in Resources */,
				C54D55B723701F9D00E3B301 /* IBMPlexMono-LightItalic.ttf in Resources */,
				C54D55A823701F9D00E3B301 /* Images.xcassets in Resources */,
				C54D55B523701F9D00E3B301 /* IBMPlexMono-SemiBold.ttf in Resources */,
				C54D55B423701F9D00E3B301 /* OFL.txt in Resources */,
				C54D55AE23701F9D00E3B301 /* IBMPlexMono-ExtraLight.ttf in Resources */,
				C54D55A923701F9D00E3B301 /* IBMPlexMono-Thin.ttf in Resources */,
				C54D55BF2370204000E3B301 /* ProductTableViewCell.xib in Resources */,
				C54D559E23701F9D00E3B301 /* Main.storyboard in Resources */,
				C54D55B323701F9D00E3B301 /* IBMPlexMono-Italic.ttf in Resources */,
			);
			runOnlyForDeploymentPostprocessing = 0;
		};
/* End PBXResourcesBuildPhase section */

/* Begin PBXSourcesBuildPhase section */
		63E65DDE26EB562C002D116E /* Sources */ = {
			isa = PBXSourcesBuildPhase;
			buildActionMask = 2147483647;
			files = (
				63E65DE526EB562C002D116E /* Example_app_UITests.swift in Sources */,
			);
			runOnlyForDeploymentPostprocessing = 0;
		};
		C54D554823701E6B00E3B301 /* Sources */ = {
			isa = PBXSourcesBuildPhase;
			buildActionMask = 2147483647;
			files = (
				D50E22CC28996D0F007D8E83 /* TransitionExtensions.swift in Sources */,
				A5BE1E7225791BC400336A79 /* EnvironmentOptionView.swift in Sources */,
				A58DAF0224041E0A004F9AF2 /* GeneralSettingsCell.swift in Sources */,
				A5C24B5D257E6A3300D832D9 /* PaymentTokenCell.swift in Sources */,
				C54D559B23701F9D00E3B301 /* StoreViewModel.swift in Sources */,
				C54D55A423701F9D00E3B301 /* PaymentViewController.swift in Sources */,
				A5AD795F2666744700DE62B1 /* StyleParser.swift in Sources */,
				A569986524113FF100162D69 /* ConsumerSettingsCell.swift in Sources */,
				D50E22CE289AAD62007D8E83 /* StoreViewModelObserved.swift in Sources */,
				D5D6E2DC287EFF44008E75D7 /* ViewExtensions.swift in Sources */,
				A56998672417C3B000162D69 /* SettingsCell.swift in Sources */,
				890702A42A0A2CC50027D7A8 /* StandaloneUrlViewModel.swift in Sources */,
				C50CF6AB237AB10A003F79DF /* PurchaseData.swift in Sources */,
				C54D559523701F9D00E3B301 /* UIView+Extension.swift in Sources */,
				D50E22CA28995E0F007D8E83 /* ColorExtensions.swift in Sources */,
				A58DAF0724053A5A004F9AF2 /* ShoppingCartHeaderCell.swift in Sources */,
				C54D559923701F9D00E3B301 /* ConsumerViewModel.swift in Sources */,
				C50CF6B1237AB12D003F79DF /* ConsumerType.swift in Sources */,
				A5C24B5A257E5D8B00D832D9 /* PayerOwnedPaymentTokensViewController.swift in Sources */,
				A548FFB3241BCC76007C7B17 /* EnvironmentSettingsCell.swift in Sources */,
				C50CF6D1237AC587003F79DF /* Currency.swift in Sources */,
				D5D6E2E42881933C008E75D7 /* GeneralToggleSettings.swift in Sources */,
				D5D6E2D8287EC1D8008E75D7 /* GeneralSettingsViewModel.swift in Sources */,
				D554F1B028AA5E8B007867A4 /* StyleSettings.swift in Sources */,
				C54D559323701F9D00E3B301 /* UIFont+Extension.swift in Sources */,
				C50CF6B3237AB149003F79DF /* Country.swift in Sources */,
				890702A22A0A24820027D7A8 /* PaymentAlternativesViewController.swift in Sources */,
				D50E22D2289AAE58007D8E83 /* ProductListView.swift in Sources */,
				C50CF6AF237AB126003F79DF /* PaymentResult.swift in Sources */,
				D5D6E2E2288191DA008E75D7 /* PaymentTokenSettings.swift in Sources */,
				C54D559423701F9D00E3B301 /* UIColor+Extension.swift in Sources */,
				A5AD795B26664B7800DE62B1 /* StyleSettingsCell.swift in Sources */,
				C50CF6B7237AB15C003F79DF /* Product.swift in Sources */,
				C54D55A723701F9D00E3B301 /* ShoppingCartProductTableViewCell.swift in Sources */,
				D50E22D8289BB013007D8E83 /* EnvironmentSettingsView.swift in Sources */,
				04EE79872AC2A938002ACDAA /* IconButton.swift in Sources */,
				D50E22D6289AF699007D8E83 /* ToggleStyle.swift in Sources */,
				D5083C3D2897FAEE00F4A307 /* ShoppingBasketView.swift in Sources */,
				C54D55A623701F9D00E3B301 /* ShoppingCartSummaryFooterView.swift in Sources */,
				D50E22D0289AADD9007D8E83 /* ShoppingCartProductCell.swift in Sources */,
				C54D559823701F9D00E3B301 /* AppDelegate.swift in Sources */,
				C54D559A23701F9D00E3B301 /* PaymentViewModel.swift in Sources */,
				C54D55A523701F9D00E3B301 /* ProductTableViewCell.swift in Sources */,
				D5D6E2E0287F4DF0008E75D7 /* PayerReferenceSettings.swift in Sources */,
				D5D6E2DE287F4DAA008E75D7 /* ImageExtensions.swift in Sources */,
				D50E22DA289BEE38007D8E83 /* ConsumerSettingsView.swift in Sources */,
				D5D6E2DA287EFF23008E75D7 /* TextExtensions.swift in Sources */,
				8907029A2A0541E60027D7A8 /* String+Localize.swift in Sources */,
				D5D6E2D6287EBD52008E75D7 /* GeneralSettings.swift in Sources */,
				C54D55A323701F9D00E3B301 /* ShoppingCartViewController.swift in Sources */,
				D5D6E2E6288195F3008E75D7 /* InstrumentModeSelector.swift in Sources */,
				C54D55A123701F9D00E3B301 /* StoreViewController.swift in Sources */,
				8907029C2A0A20030027D7A8 /* StorageHelper.swift in Sources */,
				04EE79842AC1D07E002ACDAA /* ScanUrl.swift in Sources */,
				890702A02A0A23ED0027D7A8 /* StandaloneUrlView.swift in Sources */,
				C54D559623701F9D00E3B301 /* UINavigationController+Extension.swift in Sources */,
				D50E22D4289ABA97007D8E83 /* ShoppingCartTable.swift in Sources */,
				89919A382A0140C60011ADF0 /* SwedbankPayConfiguration.swift in Sources */,
				C54D55A223701F9D00E3B301 /* ResultViewController.swift in Sources */,
				D5D6E2A528742BB7008E75D7 /* LogView.swift in Sources */,
				C50CF6AD237AB119003F79DF /* PurchaseItem.swift in Sources */,
			);
			runOnlyForDeploymentPostprocessing = 0;
		};
/* End PBXSourcesBuildPhase section */

/* Begin PBXTargetDependency section */
		63E65DE826EB562C002D116E /* PBXTargetDependency */ = {
			isa = PBXTargetDependency;
			target = C54D554B23701E6B00E3B301 /* Example-app */;
			targetProxy = 63E65DE726EB562C002D116E /* PBXContainerItemProxy */;
		};
/* End PBXTargetDependency section */

/* Begin PBXVariantGroup section */
		890702952A053FDE0027D7A8 /* Localizable.strings */ = {
			isa = PBXVariantGroup;
			children = (
				890702962A053FDE0027D7A8 /* Base */,
				890702982A053FE50027D7A8 /* en */,
			);
			name = Localizable.strings;
			sourceTree = "<group>";
		};
		A5BE1E6D25791BAB00336A79 /* EnvironmentOptionView.xib */ = {
			isa = PBXVariantGroup;
			children = (
				D5AA1BE32901291C00B82C9B /* Base */,
			);
			name = EnvironmentOptionView.xib;
			sourceTree = "<group>";
		};
		C54D557123701F9D00E3B301 /* LaunchScreen.xib */ = {
			isa = PBXVariantGroup;
			children = (
				D5AA1BE22901291C00B82C9B /* Base */,
			);
			name = LaunchScreen.xib;
			sourceTree = "<group>";
		};
		C54D557323701F9D00E3B301 /* Main.storyboard */ = {
			isa = PBXVariantGroup;
			children = (
				D5AA1BE42901291C00B82C9B /* Base */,
			);
			name = Main.storyboard;
			sourceTree = "<group>";
		};
		C54D55B92370204000E3B301 /* ProductTableViewCell.xib */ = {
			isa = PBXVariantGroup;
			children = (
				D5AA1BE52901291C00B82C9B /* Base */,
			);
			name = ProductTableViewCell.xib;
			sourceTree = "<group>";
		};
/* End PBXVariantGroup section */

/* Begin XCBuildConfiguration section */
		63E65DE926EB562C002D116E /* Debug */ = {
			isa = XCBuildConfiguration;
			buildSettings = {
				CLANG_WARN_QUOTED_INCLUDE_IN_FRAMEWORK_HEADER = YES;
				CODE_SIGN_STYLE = Automatic;
				DEVELOPMENT_TEAM = MUD77FXNE9;
				INFOPLIST_FILE = "Example-app-UITests/Info.plist";
				IPHONEOS_DEPLOYMENT_TARGET = 14.3;
				LD_RUNPATH_SEARCH_PATHS = (
					"$(inherited)",
					"@executable_path/Frameworks",
					"@loader_path/Frameworks",
				);
				PRODUCT_BUNDLE_IDENTIFIER = "com.swedbankpay.Example-app-UITests";
				PRODUCT_NAME = "$(TARGET_NAME)";
				SWIFT_VERSION = 5.0;
				TARGETED_DEVICE_FAMILY = "1,2";
				TEST_TARGET_NAME = "Example-app";
			};
			name = Debug;
		};
		63E65DEA26EB562C002D116E /* Release */ = {
			isa = XCBuildConfiguration;
			buildSettings = {
				CLANG_WARN_QUOTED_INCLUDE_IN_FRAMEWORK_HEADER = YES;
				CODE_SIGN_STYLE = Automatic;
				INFOPLIST_FILE = "Example-app-UITests/Info.plist";
				IPHONEOS_DEPLOYMENT_TARGET = 14.3;
				LD_RUNPATH_SEARCH_PATHS = (
					"$(inherited)",
					"@executable_path/Frameworks",
					"@loader_path/Frameworks",
				);
				PRODUCT_BUNDLE_IDENTIFIER = "com.swedbankpay.Example-app-UITests";
				PRODUCT_NAME = "$(TARGET_NAME)";
				SWIFT_VERSION = 5.0;
				TARGETED_DEVICE_FAMILY = "1,2";
				TEST_TARGET_NAME = "Example-app";
			};
			name = Release;
		};
		C54D555E23701E6C00E3B301 /* Debug */ = {
			isa = XCBuildConfiguration;
			buildSettings = {
				ALWAYS_SEARCH_USER_PATHS = NO;
				CLANG_ANALYZER_NONNULL = YES;
				CLANG_ANALYZER_NUMBER_OBJECT_CONVERSION = YES_AGGRESSIVE;
				CLANG_CXX_LANGUAGE_STANDARD = "gnu++14";
				CLANG_CXX_LIBRARY = "libc++";
				CLANG_ENABLE_MODULES = YES;
				CLANG_ENABLE_OBJC_ARC = YES;
				CLANG_ENABLE_OBJC_WEAK = YES;
				CLANG_WARN_BLOCK_CAPTURE_AUTORELEASING = YES;
				CLANG_WARN_BOOL_CONVERSION = YES;
				CLANG_WARN_COMMA = YES;
				CLANG_WARN_CONSTANT_CONVERSION = YES;
				CLANG_WARN_DEPRECATED_OBJC_IMPLEMENTATIONS = YES;
				CLANG_WARN_DIRECT_OBJC_ISA_USAGE = YES_ERROR;
				CLANG_WARN_DOCUMENTATION_COMMENTS = YES;
				CLANG_WARN_EMPTY_BODY = YES;
				CLANG_WARN_ENUM_CONVERSION = YES;
				CLANG_WARN_INFINITE_RECURSION = YES;
				CLANG_WARN_INT_CONVERSION = YES;
				CLANG_WARN_NON_LITERAL_NULL_CONVERSION = YES;
				CLANG_WARN_OBJC_IMPLICIT_RETAIN_SELF = YES;
				CLANG_WARN_OBJC_LITERAL_CONVERSION = YES;
				CLANG_WARN_OBJC_ROOT_CLASS = YES_ERROR;
				CLANG_WARN_QUOTED_INCLUDE_IN_FRAMEWORK_HEADER = YES;
				CLANG_WARN_RANGE_LOOP_ANALYSIS = YES;
				CLANG_WARN_STRICT_PROTOTYPES = YES;
				CLANG_WARN_SUSPICIOUS_MOVE = YES;
				CLANG_WARN_UNGUARDED_AVAILABILITY = YES_AGGRESSIVE;
				CLANG_WARN_UNREACHABLE_CODE = YES;
				CLANG_WARN__DUPLICATE_METHOD_MATCH = YES;
				COPY_PHASE_STRIP = NO;
				CURRENT_PROJECT_VERSION = 1;
				DEBUG_INFORMATION_FORMAT = dwarf;
				ENABLE_STRICT_OBJC_MSGSEND = YES;
				ENABLE_TESTABILITY = YES;
				GCC_C_LANGUAGE_STANDARD = gnu11;
				GCC_DYNAMIC_NO_PIC = NO;
				GCC_NO_COMMON_BLOCKS = YES;
				GCC_OPTIMIZATION_LEVEL = 0;
				GCC_PREPROCESSOR_DEFINITIONS = (
					"DEBUG=1",
					"$(inherited)",
				);
				GCC_WARN_64_TO_32_BIT_CONVERSION = YES;
				GCC_WARN_ABOUT_RETURN_TYPE = YES_ERROR;
				GCC_WARN_UNDECLARED_SELECTOR = YES;
				GCC_WARN_UNINITIALIZED_AUTOS = YES_AGGRESSIVE;
				GCC_WARN_UNUSED_FUNCTION = YES;
				GCC_WARN_UNUSED_VARIABLE = YES;
				IPHONEOS_DEPLOYMENT_TARGET = 10.0;
				MTL_ENABLE_DEBUG_INFO = INCLUDE_SOURCE;
				MTL_FAST_MATH = YES;
				ONLY_ACTIVE_ARCH = YES;
				SDKROOT = iphoneos;
				SWIFT_ACTIVE_COMPILATION_CONDITIONS = DEBUG;
				SWIFT_OPTIMIZATION_LEVEL = "-Onone";
			};
			name = Debug;
		};
		C54D555F23701E6C00E3B301 /* Release */ = {
			isa = XCBuildConfiguration;
			buildSettings = {
				ALWAYS_SEARCH_USER_PATHS = NO;
				CLANG_ANALYZER_NONNULL = YES;
				CLANG_ANALYZER_NUMBER_OBJECT_CONVERSION = YES_AGGRESSIVE;
				CLANG_CXX_LANGUAGE_STANDARD = "gnu++14";
				CLANG_CXX_LIBRARY = "libc++";
				CLANG_ENABLE_MODULES = YES;
				CLANG_ENABLE_OBJC_ARC = YES;
				CLANG_ENABLE_OBJC_WEAK = YES;
				CLANG_WARN_BLOCK_CAPTURE_AUTORELEASING = YES;
				CLANG_WARN_BOOL_CONVERSION = YES;
				CLANG_WARN_COMMA = YES;
				CLANG_WARN_CONSTANT_CONVERSION = YES;
				CLANG_WARN_DEPRECATED_OBJC_IMPLEMENTATIONS = YES;
				CLANG_WARN_DIRECT_OBJC_ISA_USAGE = YES_ERROR;
				CLANG_WARN_DOCUMENTATION_COMMENTS = YES;
				CLANG_WARN_EMPTY_BODY = YES;
				CLANG_WARN_ENUM_CONVERSION = YES;
				CLANG_WARN_INFINITE_RECURSION = YES;
				CLANG_WARN_INT_CONVERSION = YES;
				CLANG_WARN_NON_LITERAL_NULL_CONVERSION = YES;
				CLANG_WARN_OBJC_IMPLICIT_RETAIN_SELF = YES;
				CLANG_WARN_OBJC_LITERAL_CONVERSION = YES;
				CLANG_WARN_OBJC_ROOT_CLASS = YES_ERROR;
				CLANG_WARN_QUOTED_INCLUDE_IN_FRAMEWORK_HEADER = YES;
				CLANG_WARN_RANGE_LOOP_ANALYSIS = YES;
				CLANG_WARN_STRICT_PROTOTYPES = YES;
				CLANG_WARN_SUSPICIOUS_MOVE = YES;
				CLANG_WARN_UNGUARDED_AVAILABILITY = YES_AGGRESSIVE;
				CLANG_WARN_UNREACHABLE_CODE = YES;
				CLANG_WARN__DUPLICATE_METHOD_MATCH = YES;
				COPY_PHASE_STRIP = NO;
				CURRENT_PROJECT_VERSION = 1;
				DEBUG_INFORMATION_FORMAT = "dwarf-with-dsym";
				ENABLE_NS_ASSERTIONS = NO;
				ENABLE_STRICT_OBJC_MSGSEND = YES;
				GCC_C_LANGUAGE_STANDARD = gnu11;
				GCC_NO_COMMON_BLOCKS = YES;
				GCC_WARN_64_TO_32_BIT_CONVERSION = YES;
				GCC_WARN_ABOUT_RETURN_TYPE = YES_ERROR;
				GCC_WARN_UNDECLARED_SELECTOR = YES;
				GCC_WARN_UNINITIALIZED_AUTOS = YES_AGGRESSIVE;
				GCC_WARN_UNUSED_FUNCTION = YES;
				GCC_WARN_UNUSED_VARIABLE = YES;
				IPHONEOS_DEPLOYMENT_TARGET = 10.0;
				MTL_ENABLE_DEBUG_INFO = NO;
				MTL_FAST_MATH = YES;
				SDKROOT = iphoneos;
				SWIFT_COMPILATION_MODE = wholemodule;
				SWIFT_OPTIMIZATION_LEVEL = "-O";
				VALIDATE_PRODUCT = YES;
			};
			name = Release;
		};
		C54D556123701E6C00E3B301 /* Debug */ = {
			isa = XCBuildConfiguration;
			buildSettings = {
				ASSETCATALOG_COMPILER_APPICON_NAME = AppIcon;
				CLANG_ENABLE_MODULES = YES;
				CODE_SIGN_ENTITLEMENTS = "Example-app/Example-app.entitlements";
				CODE_SIGN_IDENTITY = "Apple Development";
				"CODE_SIGN_IDENTITY[sdk=iphoneos*]" = "iPhone Distribution";
				CODE_SIGN_STYLE = Manual;
				DEVELOPMENT_TEAM = "";
				"DEVELOPMENT_TEAM[sdk=iphoneos*]" = MUD77FXNE9;
				INFOPLIST_FILE = "Example-app/Info.plist";
				IPHONEOS_DEPLOYMENT_TARGET = 15.0;
				LD_RUNPATH_SEARCH_PATHS = (
					"$(inherited)",
					"@executable_path/Frameworks",
				);
				PRODUCT_BUNDLE_IDENTIFIER = "com.swedbank.swedbank-pay-testapp-prod";
				PRODUCT_NAME = "Example-app";
				PROVISIONING_PROFILE_SPECIFIER = "";
				"PROVISIONING_PROFILE_SPECIFIER[sdk=iphoneos*]" = "Swedbank Pay SDK Demo App Distribution";
				SWEDBANKPAY_SDK_CALLBACK_SCHEME = swedbankexample;
				SWIFT_OPTIMIZATION_LEVEL = "-Onone";
				SWIFT_VERSION = 5.0;
				TARGETED_DEVICE_FAMILY = "1,2";
			};
			name = Debug;
		};
		C54D556223701E6C00E3B301 /* Release */ = {
			isa = XCBuildConfiguration;
			buildSettings = {
				ASSETCATALOG_COMPILER_APPICON_NAME = AppIcon;
				CLANG_ENABLE_MODULES = YES;
				CODE_SIGN_ENTITLEMENTS = "Example-app/Example-app.entitlements";
				CODE_SIGN_IDENTITY = "Apple Development";
				"CODE_SIGN_IDENTITY[sdk=iphoneos*]" = "iPhone Distribution";
				CODE_SIGN_STYLE = Manual;
				DEVELOPMENT_TEAM = "";
				"DEVELOPMENT_TEAM[sdk=iphoneos*]" = MUD77FXNE9;
				INFOPLIST_FILE = "Example-app/Info.plist";
				IPHONEOS_DEPLOYMENT_TARGET = 15.0;
				LD_RUNPATH_SEARCH_PATHS = (
					"$(inherited)",
					"@executable_path/Frameworks",
				);
				PRODUCT_BUNDLE_IDENTIFIER = "com.swedbank.swedbank-pay-testapp-prod";
				PRODUCT_NAME = "Example-app";
				PROVISIONING_PROFILE_SPECIFIER = "";
				"PROVISIONING_PROFILE_SPECIFIER[sdk=iphoneos*]" = "Swedbank Pay SDK Demo App Distribution";
				SWEDBANKPAY_SDK_CALLBACK_SCHEME = swedbankexample;
				SWIFT_VERSION = 5.0;
				TARGETED_DEVICE_FAMILY = "1,2";
			};
			name = Release;
		};
/* End XCBuildConfiguration section */

/* Begin XCConfigurationList section */
		63E65DEB26EB562C002D116E /* Build configuration list for PBXNativeTarget "Example-app-UITests" */ = {
			isa = XCConfigurationList;
			buildConfigurations = (
				63E65DE926EB562C002D116E /* Debug */,
				63E65DEA26EB562C002D116E /* Release */,
			);
			defaultConfigurationIsVisible = 0;
			defaultConfigurationName = Release;
		};
		C54D554723701E6B00E3B301 /* Build configuration list for PBXProject "Example-app" */ = {
			isa = XCConfigurationList;
			buildConfigurations = (
				C54D555E23701E6C00E3B301 /* Debug */,
				C54D555F23701E6C00E3B301 /* Release */,
			);
			defaultConfigurationIsVisible = 0;
			defaultConfigurationName = Release;
		};
		C54D556023701E6C00E3B301 /* Build configuration list for PBXNativeTarget "Example-app" */ = {
			isa = XCConfigurationList;
			buildConfigurations = (
				C54D556123701E6C00E3B301 /* Debug */,
				C54D556223701E6C00E3B301 /* Release */,
			);
			defaultConfigurationIsVisible = 0;
			defaultConfigurationName = Release;
		};
/* End XCConfigurationList section */

/* Begin XCRemoteSwiftPackageReference section */
		04EE79802AC1B657002ACDAA /* XCRemoteSwiftPackageReference "CodeScanner" */ = {
			isa = XCRemoteSwiftPackageReference;
			repositoryURL = "https://github.com/twostraws/CodeScanner";
			requirement = {
				kind = upToNextMajorVersion;
				minimumVersion = 2.0.0;
			};
		};
		A569C74F26D4CB2400B2237C /* XCRemoteSwiftPackageReference "swedbank-pay-sdk-ios" */ = {
			isa = XCRemoteSwiftPackageReference;
			repositoryURL = "https://github.com/SwedbankPay/swedbank-pay-sdk-ios.git";
			requirement = {
				kind = upToNextMajorVersion;
				minimumVersion = 4.0.3;
			};
		};
/* End XCRemoteSwiftPackageReference section */

/* Begin XCSwiftPackageProductDependency section */
		04EE79812AC1B657002ACDAA /* CodeScanner */ = {
			isa = XCSwiftPackageProductDependency;
			package = 04EE79802AC1B657002ACDAA /* XCRemoteSwiftPackageReference "CodeScanner" */;
			productName = CodeScanner;
		};
		A569C75026D4CB2400B2237C /* SwedbankPaySDK */ = {
			isa = XCSwiftPackageProductDependency;
			package = A569C74F26D4CB2400B2237C /* XCRemoteSwiftPackageReference "swedbank-pay-sdk-ios" */;
			productName = SwedbankPaySDK;
		};
		A569C75226D4CB2400B2237C /* SwedbankPaySDKMerchantBackend */ = {
			isa = XCSwiftPackageProductDependency;
			package = A569C74F26D4CB2400B2237C /* XCRemoteSwiftPackageReference "swedbank-pay-sdk-ios" */;
			productName = SwedbankPaySDKMerchantBackend;
		};
/* End XCSwiftPackageProductDependency section */
	};
	rootObject = C54D554423701E6B00E3B301 /* Project object */;
}
